
Microsoft Visual Studio Solution File, Format Version 12.00
# Visual Studio Version 17
VisualStudioVersion = 17.7.34202.233
MinimumVisualStudioVersion = 10.0.40219.1
Project("{8BC9CEB8-8B4A-11D0-8D11-00A0C91BC942}") = "mt3_03_01", "mt3_03_01.vcxproj", "{EDAF9E06-EA79-499C-9EFB-8908EE58C7BE}"
EndProject
Global
	GlobalSection(SolutionConfigurationPlatforms) = preSolution
		Debug|x64 = Debug|x64
		Release|x64 = Release|x64
	EndGlobalSection
	GlobalSection(ProjectConfigurationPlatforms) = postSolution
		{EDAF9E06-EA79-499C-9EFB-8908EE58C7BE}.Debug|x64.ActiveCfg = Debug|x64
		{EDAF9E06-EA79-499C-9EFB-8908EE58C7BE}.Debug|x64.Build.0 = Debug|x64
		{EDAF9E06-EA79-499C-9EFB-8908EE58C7BE}.Release|x64.ActiveCfg = Release|x64
		{EDAF9E06-EA79-499C-9EFB-8908EE58C7BE}.Release|x64.Build.0 = Release|x64
	EndGlobalSection
	GlobalSection(SolutionProperties) = preSolution
		HideSolutionNode = FALSE
	EndGlobalSection
	GlobalSection(ExtensibilityGlobals) = postSolution
		SolutionGuid = {69C86E1D-1340-4F99-9D2D-7C2DEC878EED}
	EndGlobalSection
EndGlobal
